
Microsoft Visual Studio Solution File, Format Version 12.00
# Visual Studio Version 16
VisualStudioVersion = 16.0.30907.101
MinimumVisualStudioVersion = 10.0.40219.1
Project("{FAE04EC0-301F-11D3-BF4B-00C04F79EFBC}") = "Projekt_DT102G", "Projekt_DT102G.csproj", "{DD5FF218-6ECD-4696-9714-5F00B680982B}"
EndProject
Global
	GlobalSection(SolutionConfigurationPlatforms) = preSolution
		Debug|Any CPU = Debug|Any CPU
		Release|Any CPU = Release|Any CPU
	EndGlobalSection
	GlobalSection(ProjectConfigurationPlatforms) = postSolution
		{DD5FF218-6ECD-4696-9714-5F00B680982B}.Debug|Any CPU.ActiveCfg = Debug|Any CPU
		{DD5FF218-6ECD-4696-9714-5F00B680982B}.Debug|Any CPU.Build.0 = Debug|Any CPU
		{DD5FF218-6ECD-4696-9714-5F00B680982B}.Release|Any CPU.ActiveCfg = Release|Any CPU
		{DD5FF218-6ECD-4696-9714-5F00B680982B}.Release|Any CPU.Build.0 = Release|Any CPU
	EndGlobalSection
	GlobalSection(SolutionProperties) = preSolution
		HideSolutionNode = FALSE
	EndGlobalSection
	GlobalSection(ExtensibilityGlobals) = postSolution
		SolutionGuid = {ADACDFA5-85CA-4A19-8814-BE18A09C4038}
	EndGlobalSection
EndGlobal
